<?xml version="1.0" encoding="UTF-8" standalone="yes" ?>
<CodeBlocks_project_file>
	<FileVersion major="1" minor="6" />
	<Project>
		<Option title="DteEngine" />
		<Option pch_mode="2" />
		<Option compiler="gcc" />
		<Build>
			<Target title="DynamicLibDebug">
				<Option output="bin/DynamicLibDebug/dte-d" prefix_auto="1" extension_auto="1" />
				<Option working_dir="bin/DynamicLibDebug/" />
				<Option object_output="obj/DynamicLibDebug/" />
				<Option type="3" />
				<Option compiler="gcc" />
				<Option createDefFile="1" />
				<Option createStaticLib="1" />
				<Compiler>
					<Add option="-Wall" />
					<Add option="-g" />
					<Add option="-DBUILD_DLL" />
				</Compiler>
				<Linker>
					<Add library="user32" />
				</Linker>
			</Target>
			<Target title="DynamicLibraryRel">
				<Option output="bin/DynamicLibraryRel/dte" prefix_auto="1" extension_auto="1" />
				<Option working_dir="bin/DynamicLibraryRel/" />
				<Option object_output="obj/DynamicLibraryRel/" />
				<Option type="3" />
				<Option compiler="gcc" />
				<Option createDefFile="1" />
				<Option createStaticLib="1" />
				<Compiler>
					<Add option="-Wall" />
					<Add option="-DBUILD_DLL" />
					<Add option="-O2" />
				</Compiler>
				<Linker>
					<Add option="-s" />
					<Add library="user32" />
				</Linker>
			</Target>
		</Build>
		<VirtualTargets>
			<Add alias="bin" targets="DynamicLibDebug;DynamicLibraryRel;" />
		</VirtualTargets>
		<Compiler>
			<Add option="-Wall" />
			<Add directory="C:/SFML-2.0/include" />
			<Add directory="C:/SFML-2.0/Thor/include" />
			<Add directory="Include" />
		</Compiler>
		<Linker>
			<Add library="mingw32" />
			<Add library="user32" />
			<Add library="gdi32" />
			<Add library="winmm" />
			<Add library="dxguid" />
			<Add directory="C:/SFML-2.0/lib" />
			<Add directory="C:/SFML-2.0/Thor/lib" />
		</Linker>
		<Unit filename="Include/Dte/MultiArray.hpp" />
		<Unit filename="Include/Dte/State.hpp" />
		<Unit filename="Include/Dte/StateManager.hpp" />
		<Unit filename="modules.h">
			<Option target="&lt;{~None~}&gt;" />
		</Unit>
		<Unit filename="src/State.cpp" />
		<Unit filename="src/StateManager.cpp" />
		<Unit filename="version.h" />
		<Extensions>
			<code_completion />
			<envvars />
			<debugger />
			<lib_finder disable_auto="1" />
			<AutoVersioning>
				<Scheme minor_max="20" build_max="0" rev_max="0" rev_rand_max="10" build_times_to_increment_minor="100" />
				<Settings autoincrement="1" date_declarations="1" update_manifest="0" do_auto_increment="1" ask_to_increment="1" language="C++" svn="0" svn_directory="" header_path="version.h" />
				<Changes_Log show_changes_editor="0" app_title="released version %M.%m.%b of %p" changeslog_path="ChangesLog.txt" />
				<Code header_guard="VERSION_H" namespace="AutoVersion" prefix="" />
			</AutoVersioning>
			<DoxyBlocks>
				<comment_style block="0" line="0" />
				<doxyfile_project project_number="0.0.7" use_auto_version="1" />
				<doxyfile_build extract_all="1" />
				<doxyfile_warnings />
				<doxyfile_output />
				<doxyfile_dot />
				<general />
			</DoxyBlocks>
		</Extensions>
	</Project>
</CodeBlocks_project_file>
